
Microsoft Visual Studio Solution File, Format Version 12.00
# Visual Studio Version 17
VisualStudioVersion = 17.8.34525.116
MinimumVisualStudioVersion = 10.0.40219.1
Project("{9A19103F-16F7-4668-BE54-9A1E7A4F7556}") = "SistemaInventario", "SistemaInventario\SistemaInventario.csproj", "{B354EA70-7201-43B9-8C46-2F1D9DBDCB4F}"
EndProject
Project("{FAE04EC0-301F-11D3-BF4B-00C04F79EFBC}") = "SistemaInventario.AccesoDatos", "SistemaInventario.AccesoDatos\SistemaInventario.AccesoDatos.csproj", "{8FFFCC6A-1D74-4E34-8073-5AFA7BC67B19}"
EndProject
Project("{FAE04EC0-301F-11D3-BF4B-00C04F79EFBC}") = "SistemaInventario.Modelos", "SistemaInventario.Modelos\SistemaInventario.Modelos.csproj", "{C712BD77-4A94-4818-80FB-28E015DC690D}"
EndProject
Project("{FAE04EC0-301F-11D3-BF4B-00C04F79EFBC}") = "SistemaInventario.Utilidades", "SistemaInventario.Utilidades\SistemaInventario.Utilidades.csproj", "{2B63C032-7097-45C2-8D2D-A5C44A530196}"
EndProject
Global
	GlobalSection(SolutionConfigurationPlatforms) = preSolution
		Debug|Any CPU = Debug|Any CPU
		Release|Any CPU = Release|Any CPU
	EndGlobalSection
	GlobalSection(ProjectConfigurationPlatforms) = postSolution
		{B354EA70-7201-43B9-8C46-2F1D9DBDCB4F}.Debug|Any CPU.ActiveCfg = Debug|Any CPU
		{B354EA70-7201-43B9-8C46-2F1D9DBDCB4F}.Debug|Any CPU.Build.0 = Debug|Any CPU
		{B354EA70-7201-43B9-8C46-2F1D9DBDCB4F}.Release|Any CPU.ActiveCfg = Release|Any CPU
		{B354EA70-7201-43B9-8C46-2F1D9DBDCB4F}.Release|Any CPU.Build.0 = Release|Any CPU
		{8FFFCC6A-1D74-4E34-8073-5AFA7BC67B19}.Debug|Any CPU.ActiveCfg = Debug|Any CPU
		{8FFFCC6A-1D74-4E34-8073-5AFA7BC67B19}.Debug|Any CPU.Build.0 = Debug|Any CPU
		{8FFFCC6A-1D74-4E34-8073-5AFA7BC67B19}.Release|Any CPU.ActiveCfg = Release|Any CPU
		{8FFFCC6A-1D74-4E34-8073-5AFA7BC67B19}.Release|Any CPU.Build.0 = Release|Any CPU
		{C712BD77-4A94-4818-80FB-28E015DC690D}.Debug|Any CPU.ActiveCfg = Debug|Any CPU
		{C712BD77-4A94-4818-80FB-28E015DC690D}.Debug|Any CPU.Build.0 = Debug|Any CPU
		{C712BD77-4A94-4818-80FB-28E015DC690D}.Release|Any CPU.ActiveCfg = Release|Any CPU
		{C712BD77-4A94-4818-80FB-28E015DC690D}.Release|Any CPU.Build.0 = Release|Any CPU
		{2B63C032-7097-45C2-8D2D-A5C44A530196}.Debug|Any CPU.ActiveCfg = Debug|Any CPU
		{2B63C032-7097-45C2-8D2D-A5C44A530196}.Debug|Any CPU.Build.0 = Debug|Any CPU
		{2B63C032-7097-45C2-8D2D-A5C44A530196}.Release|Any CPU.ActiveCfg = Release|Any CPU
		{2B63C032-7097-45C2-8D2D-A5C44A530196}.Release|Any CPU.Build.0 = Release|Any CPU
	EndGlobalSection
	GlobalSection(SolutionProperties) = preSolution
		HideSolutionNode = FALSE
	EndGlobalSection
	GlobalSection(ExtensibilityGlobals) = postSolution
		SolutionGuid = {91FCC5E5-CA40-4CD9-B979-B865C239DE1C}
	EndGlobalSection
EndGlobal
